
Microsoft Visual Studio Solution File, Format Version 12.00
# Visual Studio Version 17
VisualStudioVersion = 17.5.002.0
MinimumVisualStudioVersion = 10.0.40219.1
Project("{9A19103F-16F7-4668-BE54-9A1E7A4F7556}") = "serverside-assignment", "serverside-assignment.csproj", "{5A98DADF-26D1-4922-835B-103072A723A7}"
EndProject
Global
	GlobalSection(SolutionConfigurationPlatforms) = preSolution
		Debug|Any CPU = Debug|Any CPU
		Release|Any CPU = Release|Any CPU
	EndGlobalSection
	GlobalSection(ProjectConfigurationPlatforms) = postSolution
		{5A98DADF-26D1-4922-835B-103072A723A7}.Debug|Any CPU.ActiveCfg = Debug|Any CPU
		{5A98DADF-26D1-4922-835B-103072A723A7}.Debug|Any CPU.Build.0 = Debug|Any CPU
		{5A98DADF-26D1-4922-835B-103072A723A7}.Release|Any CPU.ActiveCfg = Release|Any CPU
		{5A98DADF-26D1-4922-835B-103072A723A7}.Release|Any CPU.Build.0 = Release|Any CPU
	EndGlobalSection
	GlobalSection(SolutionProperties) = preSolution
		HideSolutionNode = FALSE
	EndGlobalSection
	GlobalSection(ExtensibilityGlobals) = postSolution
		SolutionGuid = {31438BA7-C157-47DC-9E33-A678DE1E6659}
	EndGlobalSection
EndGlobal
